<?xml version="1.0" encoding="UTF-8" standalone="yes" ?>
<CodeBlocks_project_file>
	<FileVersion major="1" minor="6" />
	<Project>
		<Option title="ors" />
		<Option pch_mode="2" />
		<Option compiler="gcc" />
		<Build>
			<Target title="Debug">
				<Option output="bin/Debug/ors" prefix_auto="1" extension_auto="1" />
				<Option object_output="obj/Debug/" />
				<Option type="1" />
				<Option compiler="gcc" />
				<Compiler>
					<Add option="-g" />
					<Add directory="src/" />
					<Add directory="src" />
				</Compiler>
			</Target>
			<Target title="Release">
				<Option output="bin/Release/ors" prefix_auto="1" extension_auto="1" />
				<Option object_output="obj/Release/" />
				<Option type="1" />
				<Option compiler="gcc" />
				<Compiler>
					<Add option="-O2" />
					<Add directory="src/" />
					<Add directory="src" />
				</Compiler>
				<Linker>
					<Add option="-s" />
				</Linker>
			</Target>
		</Build>
		<Compiler>
			<Add option="-Wall" />
		</Compiler>
		<Unit filename="src/Building.cpp" />
		<Unit filename="src/Building.h" />
		<Unit filename="src/BuildingTypeRecord.cpp" />
		<Unit filename="src/BuildingTypeRecord.h" />
		<Unit filename="src/ConfigParser.cpp" />
		<Unit filename="src/ConfigParser.h" />
		<Unit filename="src/GameState.cpp" />
		<Unit filename="src/GameState.h" />
		<Unit filename="src/GraphicsRecord.cpp" />
		<Unit filename="src/GraphicsRecord.h" />
		<Unit filename="src/MapObject.cpp" />
		<Unit filename="src/MapObject.h" />
		<Unit filename="src/MapObjectTypeRecord.cpp" />
		<Unit filename="src/MapObjectTypeRecord.h" />
		<Unit filename="src/TerrainMap.cpp" />
		<Unit filename="src/TerrainMap.h" />
		<Unit filename="src/Tree.cpp" />
		<Unit filename="src/Tree.h" />
		<Unit filename="src/TreeTypeRecord.cpp" />
		<Unit filename="src/TreeTypeRecord.h" />
		<Unit filename="src/cintersectcircle.cpp" />
		<Unit filename="src/ors.cpp" />
		<Unit filename="src/parser_utils.cpp" />
		<Unit filename="src/parser_utils.h" />
		<Unit filename="src/video_utils.cpp" />
		<Unit filename="src/video_utils.h" />
		<Extensions>
			<code_completion />
			<debugger />
		</Extensions>
	</Project>
</CodeBlocks_project_file>
